
Microsoft Visual Studio Solution File, Format Version 12.00
# Visual Studio 15
VisualStudioVersion = 15.0.28307.489
MinimumVisualStudioVersion = 10.0.40219.1
Project("{FAE04EC0-301F-11D3-BF4B-00C04F79EFBC}") = "lab0520", "lab0520\lab0520.csproj", "{061D9BEB-B122-4D05-A73F-06AFA6AABD38}"
EndProject
Global
	GlobalSection(SolutionConfigurationPlatforms) = preSolution
		Debug|Any CPU = Debug|Any CPU
		Release|Any CPU = Release|Any CPU
	EndGlobalSection
	GlobalSection(ProjectConfigurationPlatforms) = postSolution
		{061D9BEB-B122-4D05-A73F-06AFA6AABD38}.Debug|Any CPU.ActiveCfg = Debug|Any CPU
		{061D9BEB-B122-4D05-A73F-06AFA6AABD38}.Debug|Any CPU.Build.0 = Debug|Any CPU
		{061D9BEB-B122-4D05-A73F-06AFA6AABD38}.Release|Any CPU.ActiveCfg = Release|Any CPU
		{061D9BEB-B122-4D05-A73F-06AFA6AABD38}.Release|Any CPU.Build.0 = Release|Any CPU
	EndGlobalSection
	GlobalSection(SolutionProperties) = preSolution
		HideSolutionNode = FALSE
	EndGlobalSection
	GlobalSection(ExtensibilityGlobals) = postSolution
		SolutionGuid = {A1E93E81-FE6A-470A-8BD1-3EF0894B1A05}
	EndGlobalSection
EndGlobal
