
Microsoft Visual Studio Solution File, Format Version 12.00
# Visual Studio 15
VisualStudioVersion = 15.0.28307.489
MinimumVisualStudioVersion = 10.0.40219.1
Project("{FAE04EC0-301F-11D3-BF4B-00C04F79EFBC}") = "villany", "villany\villany.csproj", "{904FF977-00D6-4225-ACB8-D00D68C05570}"
EndProject
Global
	GlobalSection(SolutionConfigurationPlatforms) = preSolution
		Debug|Any CPU = Debug|Any CPU
		Release|Any CPU = Release|Any CPU
	EndGlobalSection
	GlobalSection(ProjectConfigurationPlatforms) = postSolution
		{904FF977-00D6-4225-ACB8-D00D68C05570}.Debug|Any CPU.ActiveCfg = Debug|Any CPU
		{904FF977-00D6-4225-ACB8-D00D68C05570}.Debug|Any CPU.Build.0 = Debug|Any CPU
		{904FF977-00D6-4225-ACB8-D00D68C05570}.Release|Any CPU.ActiveCfg = Release|Any CPU
		{904FF977-00D6-4225-ACB8-D00D68C05570}.Release|Any CPU.Build.0 = Release|Any CPU
	EndGlobalSection
	GlobalSection(SolutionProperties) = preSolution
		HideSolutionNode = FALSE
	EndGlobalSection
	GlobalSection(ExtensibilityGlobals) = postSolution
		SolutionGuid = {24913BCD-C7EB-4692-9107-EF80C9F136FF}
	EndGlobalSection
EndGlobal
